
Microsoft Visual Studio Solution File, Format Version 12.00
# Visual Studio Version 17
VisualStudioVersion = 17.5.33516.290
MinimumVisualStudioVersion = 10.0.40219.1
Project("{9A19103F-16F7-4668-BE54-9A1E7A4F7556}") = "LBoL_Doremy", "LBoL_Doremy\LBoL_Doremy.csproj", "{89BEB475-BA2E-4CEB-A63D-30DE19F1F325}"
EndProject
Project("{9A19103F-16F7-4668-BE54-9A1E7A4F7556}") = "NoMetaScaling", "NoMetaScaling\NoMetaScaling.csproj", "{3F4E0336-7ABB-426D-8931-3E54E8E18DC5}"
EndProject
Global
	GlobalSection(SolutionConfigurationPlatforms) = preSolution
		Debug|Any CPU = Debug|Any CPU
		Release|Any CPU = Release|Any CPU
	EndGlobalSection
	GlobalSection(ProjectConfigurationPlatforms) = postSolution
		{89BEB475-BA2E-4CEB-A63D-30DE19F1F325}.Debug|Any CPU.ActiveCfg = Debug|Any CPU
		{89BEB475-BA2E-4CEB-A63D-30DE19F1F325}.Debug|Any CPU.Build.0 = Debug|Any CPU
		{89BEB475-BA2E-4CEB-A63D-30DE19F1F325}.Release|Any CPU.ActiveCfg = Release|Any CPU
		{89BEB475-BA2E-4CEB-A63D-30DE19F1F325}.Release|Any CPU.Build.0 = Release|Any CPU
		{3F4E0336-7ABB-426D-8931-3E54E8E18DC5}.Debug|Any CPU.ActiveCfg = Debug|Any CPU
		{3F4E0336-7ABB-426D-8931-3E54E8E18DC5}.Debug|Any CPU.Build.0 = Debug|Any CPU
		{3F4E0336-7ABB-426D-8931-3E54E8E18DC5}.Release|Any CPU.ActiveCfg = Release|Any CPU
		{3F4E0336-7ABB-426D-8931-3E54E8E18DC5}.Release|Any CPU.Build.0 = Release|Any CPU
	EndGlobalSection
	GlobalSection(SolutionProperties) = preSolution
		HideSolutionNode = FALSE
	EndGlobalSection
	GlobalSection(ExtensibilityGlobals) = postSolution
		SolutionGuid = {804DCC6D-B215-4704-B5C5-0E07A83ACED7}
	EndGlobalSection
EndGlobal
